PODS:
  - Alamofire (4.6.0)
  - BulletinBoard (1.3.0)
  - ChameleonFramework/Default (2.1.0)
  - ChameleonFramework/Swift (2.1.0):
    - ChameleonFramework/Default
  - Firebase (4.8.0):
    - Firebase/Core (= 4.8.0)
  - Firebase/Auth (4.8.0):
    - Firebase/Core
    - FirebaseAuth (= 4.4.1)
  - Firebase/Core (4.8.0):
    - FirebaseAnalytics (= 4.0.5)
    - FirebaseCore (= 4.0.13)
  - Firebase/Database (4.8.0):
    - Firebase/Core
    - FirebaseDatabase (= 4.1.3)
  - Firebase/Storage (4.8.0):
    - Firebase/Core
    - FirebaseStorage (= 2.1.1)
  - FirebaseAnalytics (4.0.5):
    - FirebaseCore (~> 4.0)
    - FirebaseInstanceID (~> 2.0)
    - GoogleToolboxForMac/NSData+zlib (~> 2.1)
    - nanopb (~> 0.3)
  - FirebaseAuth (4.4.1):
    - FirebaseAnalytics (~> 4.0)
    - GoogleToolboxForMac/NSDictionary+URLArguments (~> 2.1)
    - GTMSessionFetcher/Core (~> 1.1)
  - FirebaseCore (4.0.13):
    - GoogleToolboxForMac/NSData+zlib (~> 2.1)
  - FirebaseDatabase (4.1.3):
    - FirebaseAnalytics (~> 4.0)
    - FirebaseCore (~> 4.0)
    - leveldb-library (~> 1.18)
  - FirebaseInstanceID (2.0.8):
    - FirebaseCore (~> 4.0)
  - FirebaseStorage (2.1.1):
    - FirebaseAnalytics (~> 4.0)
    - FirebaseCore (~> 4.0)
    - GTMSessionFetcher/Core (~> 1.1)
  - FirebaseUI/Storage (4.5.0):
    - Firebase/Storage (~> 4.0)
    - SDWebImage (~> 4.0)
  - GoogleSignIn (4.1.1):
    - GoogleToolboxForMac/NSDictionary+URLArguments (~> 2.1)
    - GoogleToolboxForMac/NSString+URLArguments (~> 2.1)
    - GTMOAuth2 (~> 1.0)
    - GTMSessionFetcher/Core (~> 1.1)
  - GoogleToolboxForMac/DebugUtils (2.1.3):
    - GoogleToolboxForMac/Defines (= 2.1.3)
  - GoogleToolboxForMac/Defines (2.1.3)
  - GoogleToolboxForMac/NSData+zlib (2.1.3):
    - GoogleToolboxForMac/Defines (= 2.1.3)
  - GoogleToolboxForMac/NSDictionary+URLArguments (2.1.3):
    - GoogleToolboxForMac/DebugUtils (= 2.1.3)
    - GoogleToolboxForMac/Defines (= 2.1.3)
    - GoogleToolboxForMac/NSString+URLArguments (= 2.1.3)
  - GoogleToolboxForMac/NSString+URLArguments (2.1.3)
  - GTMOAuth2 (1.1.6):
    - GTMSessionFetcher (~> 1.1)
  - GTMSessionFetcher (1.1.12):
    - GTMSessionFetcher/Full (= 1.1.12)
  - GTMSessionFetcher/Core (1.1.12)
  - GTMSessionFetcher/Full (1.1.12):
    - GTMSessionFetcher/Core (= 1.1.12)
  - Hero (1.0.1)
  - HGPlaceholders (0.2.6)
  - IQKeyboardManagerSwift (5.0.7)
  - JSQMessagesViewController (7.3.5):
    - JSQSystemSoundPlayer (~> 2.0.1)
  - JSQSystemSoundPlayer (2.0.1)
  - leveldb-library (1.20)
  - MessageKit (0.12.0)
  - nanopb (0.3.8):
    - nanopb/decode (= 0.3.8)
    - nanopb/encode (= 0.3.8)
  - nanopb/decode (0.3.8)
  - nanopb/encode (0.3.8)
  - NVActivityIndicatorView (4.1.1):
    - NVActivityIndicatorView/Presenter (= 4.1.1)
  - NVActivityIndicatorView/Presenter (4.1.1)
  - SDWebImage (4.2.2):
    - SDWebImage/Core (= 4.2.2)
  - SDWebImage/Core (4.2.2)
  - SwiftyPickerPopover (5.3.0)
  - TextFieldEffects (1.4.0)
  - TinyConstraints (3.1.0)
  - ViewAnimator (1.0.2)
  - Whisper (6.0.2)

DEPENDENCIES:
  - Alamofire
  - BulletinBoard
  - ChameleonFramework/Swift
  - Firebase
  - Firebase/Auth
  - Firebase/Core
  - Firebase/Database
  - Firebase/Storage
  - FirebaseUI/Storage
  - GoogleSignIn (~> 4.1.1)
  - Hero
  - HGPlaceholders
  - IQKeyboardManagerSwift
  - JSQMessagesViewController
  - MessageKit
  - NVActivityIndicatorView
  - SwiftyPickerPopover
  - TextFieldEffects
  - TinyConstraints
  - ViewAnimator
  - Whisper

SPEC CHECKSUMS:
  Alamofire: f41a599bd63041760b26d393ec1069d9d7b917f4
  BulletinBoard: 23c9d98cac654fd484d76f2a0655669974e9bd9c
  ChameleonFramework: d21a3cc247abfe5e37609a283a8238b03575cf64
  Firebase: 710decbbc6d9d48530e9a5dba3209740c3532e05
  FirebaseAnalytics: 5b02a63ead2c3f0259cfc7f15e053e440587ecf8
  FirebaseAuth: dc0dd403beca5b2b016aac89c2d0b8dad1c81926
  FirebaseCore: 3c02ec652db3d03fdc8bc6d9154af3e20d64b6f5
  FirebaseDatabase: 7088bfc4af2cc00231bb36e1404fc2d7509eb4dc
  FirebaseInstanceID: 81df5805a08001e69138664bdd02c6719a9ac80f
  FirebaseStorage: ab08d1c93a2feffa038fdd6693088b310ab1e6c6
  FirebaseUI: 883482fea73b73bbb488c55176f4c6ad128957eb
  GoogleSignIn: 3fdaa34a2ba04dbd7a25d7db39aecb0da98d5bdc
  GoogleToolboxForMac: 2501e2ad72a52eb3dfe7bd9aee7dad11b858bd20
  GTMOAuth2: c77fe325e4acd453837e72d91e3b5f13116857b2
  GTMSessionFetcher: ebaa1f79a5366922c1735f1566901f50beba23b7
  Hero: cee286821578e170d8c0c9c9cda7897357401112
  HGPlaceholders: b05be87025781e6fe9f7739d3529f2209b92ed80
  IQKeyboardManagerSwift: 30fb3a61de1af53a95e02b80fb54ed0a19d5ede5
  JSQMessagesViewController: 6587f56aedbcb150a8ba1d968e1ef58b1bc758b7
  JSQSystemSoundPlayer: c5850e77a4363ffd374cd851154b9af93264ed8d
  leveldb-library: 08cba283675b7ed2d99629a4bc5fd052cd2bb6a5
  MessageKit: 9455b04be28eb7c50a00962e6168672cd3d403ae
  nanopb: 5601e6bca2dbf1ed831b519092ec110f66982ca3
  NVActivityIndicatorView: 60109b9bf46efc2e71ab81453196ccdfdfeea870
  SDWebImage: 89a9d32cd520bbb46eb14e541d5109b3564af198
  SwiftyPickerPopover: c5d2d3dfeab310612e8ce63356c33149f8fc9a8e
  TextFieldEffects: 4ee41b5216e674d55fb6ac25107bf1af7629176f
  TinyConstraints: 4721a4b303c799328867078ade6560e152df54d1
  ViewAnimator: d7b18e0be98e05807f61ad886a36363727209377
  Whisper: 169760fc4bab0abf24d5529f9276f95c25cf1025

PODFILE CHECKSUM: 1b0f3a90a21887254c1ced6d86694d02fd66395f

COCOAPODS: 1.1.1
